<?xml version="1.0" encoding="utf-8"?>
<Project ToolsVersion="4.0" xmlns="http://schemas.microsoft.com/developer/msbuild/2003">
  <ItemGroup>
    <Filter Include="Source Files">
      <UniqueIdentifier>{4FC737F1-C7A5-4376-A066-2A32D752A2FF}</UniqueIdentifier>
      <Extensions>cpp;c;cc;cxx;def;odl;idl;hpj;bat;asm;asmx</Extensions>
    </Filter>
    <Filter Include="Header Files">
      <UniqueIdentifier>{93995380-89BD-4b04-88EB-625FBE52EBFB}</UniqueIdentifier>
      <Extensions>h;hpp;hxx;hm;inl;inc;xsd</Extensions>
    </Filter>
    <Filter Include="Resource Files">
      <UniqueIdentifier>{67DA6AB6-F800-4c08-8B7A-83BB121AAD01}</UniqueIdentifier>
      <Extensions>rc;ico;cur;bmp;dlg;rc2;rct;bin;rgs;gif;jpg;jpeg;jpe;resx;tiff;tif;png;wav;mfcribbon-ms</Extensions>
    </Filter>
    <Filter Include="Header Files\Entities">
      <UniqueIdentifier>{3eee3347-08f3-4296-a8c8-f5b3ad931489}</UniqueIdentifier>
    </Filter>
    <Filter Include="Source Files\Entities">
      <UniqueIdentifier>{6beb18ec-1994-4e9a-9b76-0df10da1b232}</UniqueIdentifier>
    </Filter>
    <Filter Include="Header Files\Structures">
      <UniqueIdentifier>{fbc82e10-b4d1-462c-b452-02e5372f8351}</UniqueIdentifier>
    </Filter>
    <Filter Include="Source Files\Structures">
      <UniqueIdentifier>{d4582107-c24d-4bbf-aa66-dcdd486e065a}</UniqueIdentifier>
    </Filter>
    <Filter Include="Source Files\Structures\Linked Lists">
      <UniqueIdentifier>{73e6685e-1638-4b2b-9ff7-689bf69860e1}</UniqueIdentifier>
    </Filter>
    <Filter Include="Header Files\Structures\Linked Lists">
      <UniqueIdentifier>{fb44e27b-a409-4b70-a1de-01cc7eb5ed88}</UniqueIdentifier>
    </Filter>
  </ItemGroup>
  <ItemGroup>
    <ClCompile Include="main.cpp">
      <Filter>Source Files</Filter>
    </ClCompile>
    <ClCompile Include="ColliderEntity.cpp">
      <Filter>Source Files\Entities</Filter>
    </ClCompile>
    <ClCompile Include="Entity.cpp">
      <Filter>Source Files\Entities</Filter>
    </ClCompile>
    <ClCompile Include="glQuaternion.cpp">
      <Filter>Source Files\Structures</Filter>
    </ClCompile>
    <ClCompile Include="PlayerEntity.cpp">
      <Filter>Source Files\Entities</Filter>
    </ClCompile>
    <ClCompile Include="LinkedList.cpp">
      <Filter>Source Files\Structures\Linked Lists</Filter>
    </ClCompile>
    <ClCompile Include="ColliderLinkedList.cpp">
      <Filter>Source Files\Structures\Linked Lists</Filter>
    </ClCompile>
    <ClCompile Include="ColliderNode.cpp">
      <Filter>Source Files\Structures\Linked Lists</Filter>
    </ClCompile>
    <ClCompile Include="Node.cpp">
      <Filter>Source Files\Structures\Linked Lists</Filter>
    </ClCompile>
    <ClCompile Include="InteractableEntity.cpp">
      <Filter>Source Files\Entities</Filter>
    </ClCompile>
    <ClCompile Include="WizardEntity.cpp">
      <Filter>Source Files\Entities</Filter>
    </ClCompile>
    <ClCompile Include="Vector.cpp">
      <Filter>Source Files\Structures</Filter>
    </ClCompile>
    <ClCompile Include="PlaneEntity.cpp">
      <Filter>Source Files\Entities</Filter>
    </ClCompile>
  </ItemGroup>
  <ItemGroup>
    <ClInclude Include="main.h">
      <Filter>Header Files</Filter>
    </ClInclude>
    <ClInclude Include="ColliderEntity.h">
      <Filter>Header Files\Entities</Filter>
    </ClInclude>
    <ClInclude Include="Entity.h">
      <Filter>Header Files\Entities</Filter>
    </ClInclude>
    <ClInclude Include="glQuaternion.h">
      <Filter>Header Files\Structures</Filter>
    </ClInclude>
    <ClInclude Include="PlayerEntity.h">
      <Filter>Header Files\Entities</Filter>
    </ClInclude>
    <ClInclude Include="LinkedList.h">
      <Filter>Header Files\Structures\Linked Lists</Filter>
    </ClInclude>
    <ClInclude Include="Node.h">
      <Filter>Header Files\Structures\Linked Lists</Filter>
    </ClInclude>
    <ClInclude Include="ColliderLinkedList.h">
      <Filter>Header Files\Structures\Linked Lists</Filter>
    </ClInclude>
    <ClInclude Include="ColliderNode.h">
      <Filter>Header Files\Structures\Linked Lists</Filter>
    </ClInclude>
    <ClInclude Include="InteractableEntity.h">
      <Filter>Header Files\Entities</Filter>
    </ClInclude>
    <ClInclude Include="WizardEntity.h">
      <Filter>Header Files\Entities</Filter>
    </ClInclude>
    <ClInclude Include="Vector.h">
      <Filter>Header Files\Structures</Filter>
    </ClInclude>
    <ClInclude Include="PlaneEntity.h">
      <Filter>Header Files\Entities</Filter>
    </ClInclude>
  </ItemGroup>
</Project>